// !$*UTF8*$!
{
	archiveVersion = 1;
	classes = {
	};
	objectVersion = 46;
	objects = {

/* Begin PBXBuildFile section */
		0E2C9A0C0959CDF9A045ACAA /* Pods_AniCore.framework in Frameworks */ = {isa = PBXBuildFile; fileRef = 1BDE70294CB752CE0CAD23A6 /* Pods_AniCore.framework */; };
		5743C2911E89AE2500D9412E /* APISession.swift in Sources */ = {isa = PBXBuildFile; fileRef = 5743C2901E89AE2500D9412E /* APISession.swift */; };
		5743C2931E89B43500D9412E /* Constants.swift in Sources */ = {isa = PBXBuildFile; fileRef = 5743C2921E89B43500D9412E /* Constants.swift */; };
		5747F9BB1E893FD4009C01EC /* AniCoreAPI.swift in Sources */ = {isa = PBXBuildFile; fileRef = 5747F9BA1E893FD4009C01EC /* AniCoreAPI.swift */; };
		575D03BE1E89473D004ED476 /* GoogleService-Info.plist in Resources */ = {isa = PBXBuildFile; fileRef = 575D03BD1E89473D004ED476 /* GoogleService-Info.plist */; };
		5767E8301E89B96D00B30B48 /* APIToken.swift in Sources */ = {isa = PBXBuildFile; fileRef = 5767E82F1E89B96D00B30B48 /* APIToken.swift */; };
		57B2DE961E892A5400C2C792 /* AppDelegate.swift in Sources */ = {isa = PBXBuildFile; fileRef = 57B2DE951E892A5400C2C792 /* AppDelegate.swift */; };
		57B2DE981E892A5400C2C792 /* ViewController.swift in Sources */ = {isa = PBXBuildFile; fileRef = 57B2DE971E892A5400C2C792 /* ViewController.swift */; };
		57B2DE9B1E892A5400C2C792 /* Main.storyboard in Resources */ = {isa = PBXBuildFile; fileRef = 57B2DE991E892A5400C2C792 /* Main.storyboard */; };
		57B2DE9D1E892A5400C2C792 /* Assets.xcassets in Resources */ = {isa = PBXBuildFile; fileRef = 57B2DE9C1E892A5400C2C792 /* Assets.xcassets */; };
		57B2DEA01E892A5400C2C792 /* LaunchScreen.storyboard in Resources */ = {isa = PBXBuildFile; fileRef = 57B2DE9E1E892A5400C2C792 /* LaunchScreen.storyboard */; };
		57CE07281E8A51DA0086013E /* AuthRouter.swift in Sources */ = {isa = PBXBuildFile; fileRef = 57CE07271E8A51DA0086013E /* AuthRouter.swift */; };
		57CE072A1E8AAB290086013E /* SeriesRouter.swift in Sources */ = {isa = PBXBuildFile; fileRef = 57CE07291E8AAB290086013E /* SeriesRouter.swift */; };
/* End PBXBuildFile section */

/* Begin PBXFileReference section */
		1BDE70294CB752CE0CAD23A6 /* Pods_AniCore.framework */ = {isa = PBXFileReference; explicitFileType = wrapper.framework; includeInIndex = 0; path = Pods_AniCore.framework; sourceTree = BUILT_PRODUCTS_DIR; };
		20BC04B1844C44CFB3A9AF01 /* Pods-AniCore.debug.xcconfig */ = {isa = PBXFileReference; includeInIndex = 1; lastKnownFileType = text.xcconfig; name = "Pods-AniCore.debug.xcconfig"; path = "Pods/Target Support Files/Pods-AniCore/Pods-AniCore.debug.xcconfig"; sourceTree = "<group>"; };
		5743C2901E89AE2500D9412E /* APISession.swift */ = {isa = PBXFileReference; fileEncoding = 4; lastKnownFileType = sourcecode.swift; path = APISession.swift; sourceTree = SOURCE_ROOT; };
		5743C2921E89B43500D9412E /* Constants.swift */ = {isa = PBXFileReference; fileEncoding = 4; lastKnownFileType = sourcecode.swift; name = Constants.swift; path = ../Constants.swift; sourceTree = "<group>"; };
		5747F9BA1E893FD4009C01EC /* AniCoreAPI.swift */ = {isa = PBXFileReference; fileEncoding = 4; lastKnownFileType = sourcecode.swift; path = AniCoreAPI.swift; sourceTree = "<group>"; };
		575D03BD1E89473D004ED476 /* GoogleService-Info.plist */ = {isa = PBXFileReference; fileEncoding = 4; lastKnownFileType = text.plist.xml; name = "GoogleService-Info.plist"; path = "../../../Downloads/GoogleService-Info.plist"; sourceTree = "<group>"; };
		5767E82F1E89B96D00B30B48 /* APIToken.swift */ = {isa = PBXFileReference; fileEncoding = 4; lastKnownFileType = sourcecode.swift; path = APIToken.swift; sourceTree = SOURCE_ROOT; };
		57B2DE921E892A5400C2C792 /* AniCore.app */ = {isa = PBXFileReference; explicitFileType = wrapper.application; includeInIndex = 0; path = AniCore.app; sourceTree = BUILT_PRODUCTS_DIR; };
		57B2DE951E892A5400C2C792 /* AppDelegate.swift */ = {isa = PBXFileReference; lastKnownFileType = sourcecode.swift; path = AppDelegate.swift; sourceTree = "<group>"; };
		57B2DE971E892A5400C2C792 /* ViewController.swift */ = {isa = PBXFileReference; lastKnownFileType = sourcecode.swift; path = ViewController.swift; sourceTree = "<group>"; };
		57B2DE9A1E892A5400C2C792 /* Base */ = {isa = PBXFileReference; lastKnownFileType = file.storyboard; name = Base; path = Base.lproj/Main.storyboard; sourceTree = "<group>"; };
		57B2DE9C1E892A5400C2C792 /* Assets.xcassets */ = {isa = PBXFileReference; lastKnownFileType = folder.assetcatalog; path = Assets.xcassets; sourceTree = "<group>"; };
		57B2DE9F1E892A5400C2C792 /* Base */ = {isa = PBXFileReference; lastKnownFileType = file.storyboard; name = Base; path = Base.lproj/LaunchScreen.storyboard; sourceTree = "<group>"; };
		57B2DEA11E892A5400C2C792 /* Info.plist */ = {isa = PBXFileReference; lastKnownFileType = text.plist.xml; path = Info.plist; sourceTree = "<group>"; };
		57CE07271E8A51DA0086013E /* AuthRouter.swift */ = {isa = PBXFileReference; fileEncoding = 4; lastKnownFileType = sourcecode.swift; path = AuthRouter.swift; sourceTree = SOURCE_ROOT; };
		57CE07291E8AAB290086013E /* SeriesRouter.swift */ = {isa = PBXFileReference; fileEncoding = 4; lastKnownFileType = sourcecode.swift; path = SeriesRouter.swift; sourceTree = SOURCE_ROOT; };
		7543624636989557F88090FF /* Pods-AniCore.release.xcconfig */ = {isa = PBXFileReference; includeInIndex = 1; lastKnownFileType = text.xcconfig; name = "Pods-AniCore.release.xcconfig"; path = "Pods/Target Support Files/Pods-AniCore/Pods-AniCore.release.xcconfig"; sourceTree = "<group>"; };
/* End PBXFileReference section */

/* Begin PBXFrameworksBuildPhase section */
		57B2DE8F1E892A5400C2C792 /* Frameworks */ = {
			isa = PBXFrameworksBuildPhase;
			buildActionMask = 2147483647;
			files = (
				0E2C9A0C0959CDF9A045ACAA /* Pods_AniCore.framework in Frameworks */,
			);
			runOnlyForDeploymentPostprocessing = 0;
		};
/* End PBXFrameworksBuildPhase section */

/* Begin PBXGroup section */
		579D345E1E8948A90001826C /* Main */ = {
			isa = PBXGroup;
			children = (
				57B2DE9E1E892A5400C2C792 /* LaunchScreen.storyboard */,
				57B2DE991E892A5400C2C792 /* Main.storyboard */,
				57B2DE971E892A5400C2C792 /* ViewController.swift */,
			);
			name = Main;
			sourceTree = "<group>";
		};
		579D345F1E8948BC0001826C /* Account */ = {
			isa = PBXGroup;
			children = (
			);
			name = Account;
			sourceTree = "<group>";
		};
		57B2DE891E892A5300C2C792 = {
			isa = PBXGroup;
			children = (
				57B2DE941E892A5400C2C792 /* AniCore */,
				57B2DE931E892A5400C2C792 /* Products */,
				D8A93AC232774989EEE55F68 /* Pods */,
				D0FF30FE21D2C677580465FF /* Frameworks */,
			);
			sourceTree = "<group>";
		};
		57B2DE931E892A5400C2C792 /* Products */ = {
			isa = PBXGroup;
			children = (
				57B2DE921E892A5400C2C792 /* AniCore.app */,
			);
			name = Products;
			sourceTree = "<group>";
		};
		57B2DE941E892A5400C2C792 /* AniCore */ = {
			isa = PBXGroup;
			children = (
				579D345F1E8948BC0001826C /* Account */,
				579D345E1E8948A90001826C /* Main */,
				57B2DEA71E892BF000C2C792 /* Resources */,
				57B2DE951E892A5400C2C792 /* AppDelegate.swift */,
				5743C2921E89B43500D9412E /* Constants.swift */,
				5747F9BA1E893FD4009C01EC /* AniCoreAPI.swift */,
				57CE07271E8A51DA0086013E /* AuthRouter.swift */,
				57CE07291E8AAB290086013E /* SeriesRouter.swift */,
				5743C2901E89AE2500D9412E /* APISession.swift */,
				5767E82F1E89B96D00B30B48 /* APIToken.swift */,
				57B2DEA11E892A5400C2C792 /* Info.plist */,
				575D03BD1E89473D004ED476 /* GoogleService-Info.plist */,
			);
			path = AniCore;
			sourceTree = "<group>";
		};
		57B2DEA71E892BF000C2C792 /* Resources */ = {
			isa = PBXGroup;
			children = (
				57B2DE9C1E892A5400C2C792 /* Assets.xcassets */,
			);
			name = Resources;
			sourceTree = "<group>";
		};
		D0FF30FE21D2C677580465FF /* Frameworks */ = {
			isa = PBXGroup;
			children = (
				1BDE70294CB752CE0CAD23A6 /* Pods_AniCore.framework */,
			);
			name = Frameworks;
			sourceTree = "<group>";
		};
		D8A93AC232774989EEE55F68 /* Pods */ = {
			isa = PBXGroup;
			children = (
				20BC04B1844C44CFB3A9AF01 /* Pods-AniCore.debug.xcconfig */,
				7543624636989557F88090FF /* Pods-AniCore.release.xcconfig */,
			);
			name = Pods;
			sourceTree = "<group>";
		};
/* End PBXGroup section */

/* Begin PBXNativeTarget section */
		57B2DE911E892A5400C2C792 /* AniCore */ = {
			isa = PBXNativeTarget;
			buildConfigurationList = 57B2DEA41E892A5400C2C792 /* Build configuration list for PBXNativeTarget "AniCore" */;
			buildPhases = (
				E5C8B1FDE517269B8442A354 /* [CP] Check Pods Manifest.lock */,
				57B2DE8E1E892A5400C2C792 /* Sources */,
				57B2DE8F1E892A5400C2C792 /* Frameworks */,
				57B2DE901E892A5400C2C792 /* Resources */,
				8C8ACA2AE4711586783E91C0 /* [CP] Embed Pods Frameworks */,
				F06532C9B0321A825F416FE3 /* [CP] Copy Pods Resources */,
			);
			buildRules = (
			);
			dependencies = (
			);
			name = AniCore;
			productName = AniCore;
			productReference = 57B2DE921E892A5400C2C792 /* AniCore.app */;
			productType = "com.apple.product-type.application";
		};
/* End PBXNativeTarget section */

/* Begin PBXProject section */
		57B2DE8A1E892A5300C2C792 /* Project object */ = {
			isa = PBXProject;
			attributes = {
				LastSwiftUpdateCheck = 0820;
				LastUpgradeCheck = 0820;
				ORGANIZATIONNAME = "Kyle Brown";
				TargetAttributes = {
					57B2DE911E892A5400C2C792 = {
						CreatedOnToolsVersion = 8.2.1;
						DevelopmentTeam = V6AUB68JD4;
						ProvisioningStyle = Automatic;
					};
				};
			};
			buildConfigurationList = 57B2DE8D1E892A5300C2C792 /* Build configuration list for PBXProject "AniCore" */;
			compatibilityVersion = "Xcode 3.2";
			developmentRegion = English;
			hasScannedForEncodings = 0;
			knownRegions = (
				en,
				Base,
			);
			mainGroup = 57B2DE891E892A5300C2C792;
			productRefGroup = 57B2DE931E892A5400C2C792 /* Products */;
			projectDirPath = "";
			projectRoot = "";
			targets = (
				57B2DE911E892A5400C2C792 /* AniCore */,
			);
		};
/* End PBXProject section */

/* Begin PBXResourcesBuildPhase section */
		57B2DE901E892A5400C2C792 /* Resources */ = {
			isa = PBXResourcesBuildPhase;
			buildActionMask = 2147483647;
			files = (
				57B2DEA01E892A5400C2C792 /* LaunchScreen.storyboard in Resources */,
				575D03BE1E89473D004ED476 /* GoogleService-Info.plist in Resources */,
				57B2DE9D1E892A5400C2C792 /* Assets.xcassets in Resources */,
				57B2DE9B1E892A5400C2C792 /* Main.storyboard in Resources */,
			);
			runOnlyForDeploymentPostprocessing = 0;
		};
/* End PBXResourcesBuildPhase section */

/* Begin PBXShellScriptBuildPhase section */
		8C8ACA2AE4711586783E91C0 /* [CP] Embed Pods Frameworks */ = {
			isa = PBXShellScriptBuildPhase;
			buildActionMask = 2147483647;
			files = (
			);
			inputPaths = (
			);
			name = "[CP] Embed Pods Frameworks";
			outputPaths = (
			);
			runOnlyForDeploymentPostprocessing = 0;
			shellPath = /bin/sh;
			shellScript = "\"${SRCROOT}/Pods/Target Support Files/Pods-AniCore/Pods-AniCore-frameworks.sh\"\n";
			showEnvVarsInLog = 0;
		};
		E5C8B1FDE517269B8442A354 /* [CP] Check Pods Manifest.lock */ = {
			isa = PBXShellScriptBuildPhase;
			buildActionMask = 2147483647;
			files = (
			);
			inputPaths = (
			);
			name = "[CP] Check Pods Manifest.lock";
			outputPaths = (
			);
			runOnlyForDeploymentPostprocessing = 0;
			shellPath = /bin/sh;
			shellScript = "diff \"${PODS_ROOT}/../Podfile.lock\" \"${PODS_ROOT}/Manifest.lock\" > /dev/null\nif [ $? != 0 ] ; then\n    # print error to STDERR\n    echo \"error: The sandbox is not in sync with the Podfile.lock. Run 'pod install' or update your CocoaPods installation.\" >&2\n    exit 1\nfi\n";
			showEnvVarsInLog = 0;
		};
		F06532C9B0321A825F416FE3 /* [CP] Copy Pods Resources */ = {
			isa = PBXShellScriptBuildPhase;
			buildActionMask = 2147483647;
			files = (
			);
			inputPaths = (
			);
			name = "[CP] Copy Pods Resources";
			outputPaths = (
			);
			runOnlyForDeploymentPostprocessing = 0;
			shellPath = /bin/sh;
			shellScript = "\"${SRCROOT}/Pods/Target Support Files/Pods-AniCore/Pods-AniCore-resources.sh\"\n";
			showEnvVarsInLog = 0;
		};
/* End PBXShellScriptBuildPhase section */

/* Begin PBXSourcesBuildPhase section */
		57B2DE8E1E892A5400C2C792 /* Sources */ = {
			isa = PBXSourcesBuildPhase;
			buildActionMask = 2147483647;
			files = (
				57B2DE981E892A5400C2C792 /* ViewController.swift in Sources */,
				57CE072A1E8AAB290086013E /* SeriesRouter.swift in Sources */,
				5743C2911E89AE2500D9412E /* APISession.swift in Sources */,
				5767E8301E89B96D00B30B48 /* APIToken.swift in Sources */,
				5747F9BB1E893FD4009C01EC /* AniCoreAPI.swift in Sources */,
				5743C2931E89B43500D9412E /* Constants.swift in Sources */,
				57CE07281E8A51DA0086013E /* AuthRouter.swift in Sources */,
				57B2DE961E892A5400C2C792 /* AppDelegate.swift in Sources */,
			);
			runOnlyForDeploymentPostprocessing = 0;
		};
/* End PBXSourcesBuildPhase section */

/* Begin PBXVariantGroup section */
		57B2DE991E892A5400C2C792 /* Main.storyboard */ = {
			isa = PBXVariantGroup;
			children = (
				57B2DE9A1E892A5400C2C792 /* Base */,
			);
			name = Main.storyboard;
			sourceTree = "<group>";
		};
		57B2DE9E1E892A5400C2C792 /* LaunchScreen.storyboard */ = {
			isa = PBXVariantGroup;
			children = (
				57B2DE9F1E892A5400C2C792 /* Base */,
			);
			name = LaunchScreen.storyboard;
			sourceTree = "<group>";
		};
/* End PBXVariantGroup section */

/* Begin XCBuildConfiguration section */
		57B2DEA21E892A5400C2C792 /* Debug */ = {
			isa = XCBuildConfiguration;
			buildSettings = {
				ALWAYS_SEARCH_USER_PATHS = NO;
				CLANG_ANALYZER_NONNULL = YES;
				CLANG_CXX_LANGUAGE_STANDARD = "gnu++0x";
				CLANG_CXX_LIBRARY = "libc++";
				CLANG_ENABLE_MODULES = YES;
				CLANG_ENABLE_OBJC_ARC = YES;
				CLANG_WARN_BOOL_CONVERSION = YES;
				CLANG_WARN_CONSTANT_CONVERSION = YES;
				CLANG_WARN_DIRECT_OBJC_ISA_USAGE = YES_ERROR;
				CLANG_WARN_DOCUMENTATION_COMMENTS = YES;
				CLANG_WARN_EMPTY_BODY = YES;
				CLANG_WARN_ENUM_CONVERSION = YES;
				CLANG_WARN_INFINITE_RECURSION = YES;
				CLANG_WARN_INT_CONVERSION = YES;
				CLANG_WARN_OBJC_ROOT_CLASS = YES_ERROR;
				CLANG_WARN_SUSPICIOUS_MOVE = YES;
				CLANG_WARN_UNREACHABLE_CODE = YES;
				CLANG_WARN__DUPLICATE_METHOD_MATCH = YES;
				"CODE_SIGN_IDENTITY[sdk=iphoneos*]" = "iPhone Developer";
				COPY_PHASE_STRIP = NO;
				DEBUG_INFORMATION_FORMAT = dwarf;
				ENABLE_STRICT_OBJC_MSGSEND = YES;
				ENABLE_TESTABILITY = YES;
				GCC_C_LANGUAGE_STANDARD = gnu99;
				GCC_DYNAMIC_NO_PIC = NO;
				GCC_NO_COMMON_BLOCKS = YES;
				GCC_OPTIMIZATION_LEVEL = 0;
				GCC_PREPROCESSOR_DEFINITIONS = (
					"DEBUG=1",
					"$(inherited)",
				);
				GCC_WARN_64_TO_32_BIT_CONVERSION = YES;
				GCC_WARN_ABOUT_RETURN_TYPE = YES_ERROR;
				GCC_WARN_UNDECLARED_SELECTOR = YES;
				GCC_WARN_UNINITIALIZED_AUTOS = YES_AGGRESSIVE;
				GCC_WARN_UNUSED_FUNCTION = YES;
				GCC_WARN_UNUSED_VARIABLE = YES;
				IPHONEOS_DEPLOYMENT_TARGET = 10.2;
				MTL_ENABLE_DEBUG_INFO = YES;
				ONLY_ACTIVE_ARCH = YES;
				SDKROOT = iphoneos;
				SWIFT_ACTIVE_COMPILATION_CONDITIONS = DEBUG;
				SWIFT_OPTIMIZATION_LEVEL = "-Onone";
			};
			name = Debug;
		};
		57B2DEA31E892A5400C2C792 /* Release */ = {
			isa = XCBuildConfiguration;
			buildSettings = {
				ALWAYS_SEARCH_USER_PATHS = NO;
				CLANG_ANALYZER_NONNULL = YES;
				CLANG_CXX_LANGUAGE_STANDARD = "gnu++0x";
				CLANG_CXX_LIBRARY = "libc++";
				CLANG_ENABLE_MODULES = YES;
				CLANG_ENABLE_OBJC_ARC = YES;
				CLANG_WARN_BOOL_CONVERSION = YES;
				CLANG_WARN_CONSTANT_CONVERSION = YES;
				CLANG_WARN_DIRECT_OBJC_ISA_USAGE = YES_ERROR;
				CLANG_WARN_DOCUMENTATION_COMMENTS = YES;
				CLANG_WARN_EMPTY_BODY = YES;
				CLANG_WARN_ENUM_CONVERSION = YES;
				CLANG_WARN_INFINITE_RECURSION = YES;
				CLANG_WARN_INT_CONVERSION = YES;
				CLANG_WARN_OBJC_ROOT_CLASS = YES_ERROR;
				CLANG_WARN_SUSPICIOUS_MOVE = YES;
				CLANG_WARN_UNREACHABLE_CODE = YES;
				CLANG_WARN__DUPLICATE_METHOD_MATCH = YES;
				"CODE_SIGN_IDENTITY[sdk=iphoneos*]" = "iPhone Developer";
				COPY_PHASE_STRIP = NO;
				DEBUG_INFORMATION_FORMAT = "dwarf-with-dsym";
				ENABLE_NS_ASSERTIONS = NO;
				ENABLE_STRICT_OBJC_MSGSEND = YES;
				GCC_C_LANGUAGE_STANDARD = gnu99;
				GCC_NO_COMMON_BLOCKS = YES;
				GCC_WARN_64_TO_32_BIT_CONVERSION = YES;
				GCC_WARN_ABOUT_RETURN_TYPE = YES_ERROR;
				GCC_WARN_UNDECLARED_SELECTOR = YES;
				GCC_WARN_UNINITIALIZED_AUTOS = YES_AGGRESSIVE;
				GCC_WARN_UNUSED_FUNCTION = YES;
				GCC_WARN_UNUSED_VARIABLE = YES;
				IPHONEOS_DEPLOYMENT_TARGET = 10.2;
				MTL_ENABLE_DEBUG_INFO = NO;
				SDKROOT = iphoneos;
				SWIFT_OPTIMIZATION_LEVEL = "-Owholemodule";
				VALIDATE_PRODUCT = YES;
			};
			name = Release;
		};
		57B2DEA51E892A5400C2C792 /* Debug */ = {
			isa = XCBuildConfiguration;
			baseConfigurationReference = 20BC04B1844C44CFB3A9AF01 /* Pods-AniCore.debug.xcconfig */;
			buildSettings = {
				ASSETCATALOG_COMPILER_APPICON_NAME = AppIcon;
				DEVELOPMENT_TEAM = V6AUB68JD4;
				INFOPLIST_FILE = AniCore/Info.plist;
				LD_RUNPATH_SEARCH_PATHS = "$(inherited) @executable_path/Frameworks";
				PRODUCT_BUNDLE_IDENTIFIER = WhiteRose.AniCore;
				PRODUCT_NAME = "$(TARGET_NAME)";
				SWIFT_VERSION = 3.0;
			};
			name = Debug;
		};
		57B2DEA61E892A5400C2C792 /* Release */ = {
			isa = XCBuildConfiguration;
			baseConfigurationReference = 7543624636989557F88090FF /* Pods-AniCore.release.xcconfig */;
			buildSettings = {
				ASSETCATALOG_COMPILER_APPICON_NAME = AppIcon;
				DEVELOPMENT_TEAM = V6AUB68JD4;
				INFOPLIST_FILE = AniCore/Info.plist;
				LD_RUNPATH_SEARCH_PATHS = "$(inherited) @executable_path/Frameworks";
				PRODUCT_BUNDLE_IDENTIFIER = WhiteRose.AniCore;
				PRODUCT_NAME = "$(TARGET_NAME)";
				SWIFT_VERSION = 3.0;
			};
			name = Release;
		};
/* End XCBuildConfiguration section */

/* Begin XCConfigurationList section */
		57B2DE8D1E892A5300C2C792 /* Build configuration list for PBXProject "AniCore" */ = {
			isa = XCConfigurationList;
			buildConfigurations = (
				57B2DEA21E892A5400C2C792 /* Debug */,
				57B2DEA31E892A5400C2C792 /* Release */,
			);
			defaultConfigurationIsVisible = 0;
			defaultConfigurationName = Release;
		};
		57B2DEA41E892A5400C2C792 /* Build configuration list for PBXNativeTarget "AniCore" */ = {
			isa = XCConfigurationList;
			buildConfigurations = (
				57B2DEA51E892A5400C2C792 /* Debug */,
				57B2DEA61E892A5400C2C792 /* Release */,
			);
			defaultConfigurationIsVisible = 0;
			defaultConfigurationName = Release;
		};
/* End XCConfigurationList section */
	};
	rootObject = 57B2DE8A1E892A5300C2C792 /* Project object */;
}
